{
    "_readme": [
        "This file locks the dependencies of your project to a known state",
        "Read more about it at https://getcomposer.org/doc/01-basic-usage.md#installing-dependencies",
        "This file is @generated automatically"
    ],
    "content-hash": "c0c623af7a6554759749e8a67949d440",
    "packages": [
        {
            "name": "npm-asset/chart.js",
            "version": "4.4.2",
            "dist": {
                "type": "tar",
                "url": "https://registry.npmjs.org/chart.js/-/chart.js-4.4.2.tgz"
            },
            "require": {
                "npm-asset/kurkle--color": ">=0.3.0,<0.4.0"
            },
            "type": "npm-asset",
            "license": [
                "MIT"
            ]
        },
        {
            "name": "npm-asset/kurkle--color",
            "version": "0.3.2",
            "dist": {
                "type": "tar",
                "url": "https://registry.npmjs.org/@kurkle/color/-/color-0.3.2.tgz"
            },
            "type": "npm-asset",
            "license": [
                "MIT"
            ]
        }
    ],
    "packages-dev": [],
    "aliases": [],
    "minimum-stability": "stable",
    "stability-flags": [],
    "prefer-stable": false,
    "prefer-lowest": false,
    "platform": [],
    "platform-dev": [],
    "plugin-api-version": "2.6.0"
}
