{
    "_readme": [
        "This file locks the dependencies of your project to a known state",
        "Read more about it at https://getcomposer.org/doc/01-basic-usage.md#installing-dependencies",
        "This file is @generated automatically"
    ],
    "content-hash": "370e0d7908551b7bf0785de7aee44d45",
    "packages": [
        {
            "name": "npm-asset/chart.js",
            "version": "4.5.1",
            "dist": {
                "type": "tar",
                "url": "https://registry.npmjs.org/chart.js/-/chart.js-4.5.1.tgz"
            },
            "require": {
                "npm-asset/kurkle--color": ">=0.3.0,<0.4.0"
            },
            "type": "npm-asset",
            "license": [
                "MIT"
            ]
        },
        {
            "name": "npm-asset/kurkle--color",
            "version": "0.3.4",
            "dist": {
                "type": "tar",
                "url": "https://registry.npmjs.org/@kurkle/color/-/color-0.3.4.tgz"
            },
            "type": "npm-asset",
            "license": [
                "MIT"
            ]
        }
    ],
    "packages-dev": [],
    "aliases": [],
    "minimum-stability": "stable",
    "stability-flags": {},
    "prefer-stable": false,
    "prefer-lowest": false,
    "platform": {},
    "platform-dev": {},
    "plugin-api-version": "2.9.0"
}
